
Microsoft Visual Studio Solution File, Format Version 12.00
# Visual Studio 15
VisualStudioVersion = 15.0.28307.168
MinimumVisualStudioVersion = 10.0.40219.1
Project("{FAE04EC0-301F-11D3-BF4B-00C04F79EFBC}") = "WebScraper", "WebScraper\WebScraper.csproj", "{357CCFF3-48AF-400A-A838-948D7ECD4BE7}"
EndProject
Global
	GlobalSection(SolutionConfigurationPlatforms) = preSolution
		Debug|Any CPU = Debug|Any CPU
		Release|Any CPU = Release|Any CPU
	EndGlobalSection
	GlobalSection(ProjectConfigurationPlatforms) = postSolution
		{357CCFF3-48AF-400A-A838-948D7ECD4BE7}.Debug|Any CPU.ActiveCfg = Debug|Any CPU
		{357CCFF3-48AF-400A-A838-948D7ECD4BE7}.Debug|Any CPU.Build.0 = Debug|Any CPU
		{357CCFF3-48AF-400A-A838-948D7ECD4BE7}.Release|Any CPU.ActiveCfg = Release|Any CPU
		{357CCFF3-48AF-400A-A838-948D7ECD4BE7}.Release|Any CPU.Build.0 = Release|Any CPU
	EndGlobalSection
	GlobalSection(SolutionProperties) = preSolution
		HideSolutionNode = FALSE
	EndGlobalSection
	GlobalSection(ExtensibilityGlobals) = postSolution
		SolutionGuid = {0A5B4ABD-B535-4ED0-AE6E-771A72F20075}
	EndGlobalSection
EndGlobal
