
Microsoft Visual Studio Solution File, Format Version 12.00
# Visual Studio 15
VisualStudioVersion = 15.0.28307.168
MinimumVisualStudioVersion = 10.0.40219.1
Project("{FAE04EC0-301F-11D3-BF4B-00C04F79EFBC}") = "VendingMachine", "VendingMachine\VendingMachine.csproj", "{60613645-B9E7-4770-8281-8ED9E07CCA83}"
EndProject
Global
	GlobalSection(SolutionConfigurationPlatforms) = preSolution
		Debug|Any CPU = Debug|Any CPU
		Release|Any CPU = Release|Any CPU
	EndGlobalSection
	GlobalSection(ProjectConfigurationPlatforms) = postSolution
		{60613645-B9E7-4770-8281-8ED9E07CCA83}.Debug|Any CPU.ActiveCfg = Debug|Any CPU
		{60613645-B9E7-4770-8281-8ED9E07CCA83}.Debug|Any CPU.Build.0 = Debug|Any CPU
		{60613645-B9E7-4770-8281-8ED9E07CCA83}.Release|Any CPU.ActiveCfg = Release|Any CPU
		{60613645-B9E7-4770-8281-8ED9E07CCA83}.Release|Any CPU.Build.0 = Release|Any CPU
	EndGlobalSection
	GlobalSection(SolutionProperties) = preSolution
		HideSolutionNode = FALSE
	EndGlobalSection
	GlobalSection(ExtensibilityGlobals) = postSolution
		SolutionGuid = {4F7B20F1-AA61-4825-8519-4A605FBD054A}
	EndGlobalSection
EndGlobal
