
Microsoft Visual Studio Solution File, Format Version 12.00
# Visual Studio 15
VisualStudioVersion = 15.0.28307.168
MinimumVisualStudioVersion = 10.0.40219.1
Project("{FAE04EC0-301F-11D3-BF4B-00C04F79EFBC}") = "WordScrambler", "WordScrambler\WordScrambler.csproj", "{DD0CB141-9D31-4114-A988-E61F775FD9C2}"
EndProject
Global
	GlobalSection(SolutionConfigurationPlatforms) = preSolution
		Debug|Any CPU = Debug|Any CPU
		Release|Any CPU = Release|Any CPU
	EndGlobalSection
	GlobalSection(ProjectConfigurationPlatforms) = postSolution
		{DD0CB141-9D31-4114-A988-E61F775FD9C2}.Debug|Any CPU.ActiveCfg = Debug|Any CPU
		{DD0CB141-9D31-4114-A988-E61F775FD9C2}.Debug|Any CPU.Build.0 = Debug|Any CPU
		{DD0CB141-9D31-4114-A988-E61F775FD9C2}.Release|Any CPU.ActiveCfg = Release|Any CPU
		{DD0CB141-9D31-4114-A988-E61F775FD9C2}.Release|Any CPU.Build.0 = Release|Any CPU
	EndGlobalSection
	GlobalSection(SolutionProperties) = preSolution
		HideSolutionNode = FALSE
	EndGlobalSection
	GlobalSection(ExtensibilityGlobals) = postSolution
		SolutionGuid = {6BFF4948-9FDC-4399-8BE3-3659605C5DAD}
	EndGlobalSection
EndGlobal
